
Microsoft Visual Studio Solution File, Format Version 12.00
# Visual Studio Version 16
VisualStudioVersion = 16.0.31424.327
MinimumVisualStudioVersion = 10.0.40219.1
Project("{FAE04EC0-301F-11D3-BF4B-00C04F79EFBC}") = "FormatoTexto", "FormatoTexto\FormatoTexto.csproj", "{9CA87F55-9376-40F6-B208-0D9EACB1EA2C}"
EndProject
Global
	GlobalSection(SolutionConfigurationPlatforms) = preSolution
		Debug|Any CPU = Debug|Any CPU
		Release|Any CPU = Release|Any CPU
	EndGlobalSection
	GlobalSection(ProjectConfigurationPlatforms) = postSolution
		{9CA87F55-9376-40F6-B208-0D9EACB1EA2C}.Debug|Any CPU.ActiveCfg = Debug|Any CPU
		{9CA87F55-9376-40F6-B208-0D9EACB1EA2C}.Debug|Any CPU.Build.0 = Debug|Any CPU
		{9CA87F55-9376-40F6-B208-0D9EACB1EA2C}.Release|Any CPU.ActiveCfg = Release|Any CPU
		{9CA87F55-9376-40F6-B208-0D9EACB1EA2C}.Release|Any CPU.Build.0 = Release|Any CPU
	EndGlobalSection
	GlobalSection(SolutionProperties) = preSolution
		HideSolutionNode = FALSE
	EndGlobalSection
	GlobalSection(ExtensibilityGlobals) = postSolution
		SolutionGuid = {B779AB63-FD4D-48AD-8FFF-64D59661D648}
	EndGlobalSection
EndGlobal
